
Microsoft Visual Studio Solution File, Format Version 12.00
# Visual Studio Version 16
VisualStudioVersion = 16.0.30907.101
MinimumVisualStudioVersion = 10.0.40219.1
Project("{FAE04EC0-301F-11D3-BF4B-00C04F79EFBC}") = "project2-2-ver5", "project2-2-ver5\project2-2-ver5.csproj", "{81A51C91-9A66-4E35-B9CE-8E91B9019317}"
EndProject
Global
	GlobalSection(SolutionConfigurationPlatforms) = preSolution
		Debug|Any CPU = Debug|Any CPU
		Release|Any CPU = Release|Any CPU
	EndGlobalSection
	GlobalSection(ProjectConfigurationPlatforms) = postSolution
		{81A51C91-9A66-4E35-B9CE-8E91B9019317}.Debug|Any CPU.ActiveCfg = Debug|Any CPU
		{81A51C91-9A66-4E35-B9CE-8E91B9019317}.Debug|Any CPU.Build.0 = Debug|Any CPU
		{81A51C91-9A66-4E35-B9CE-8E91B9019317}.Release|Any CPU.ActiveCfg = Release|Any CPU
		{81A51C91-9A66-4E35-B9CE-8E91B9019317}.Release|Any CPU.Build.0 = Release|Any CPU
	EndGlobalSection
	GlobalSection(SolutionProperties) = preSolution
		HideSolutionNode = FALSE
	EndGlobalSection
	GlobalSection(ExtensibilityGlobals) = postSolution
		SolutionGuid = {8AAC56CC-8F55-4E98-B01D-F8F7A72280D0}
	EndGlobalSection
EndGlobal
